
Microsoft Visual Studio Solution File, Format Version 12.00
Project("{FAE04EC0-301F-11D3-BF4B-00C04F79EFBC}") = "Domain.UnitTests", "Domain.UnitTests\Domain.UnitTests.csproj", "{8B548CC1-F52D-45B6-8F05-7528CA7600CB}"
EndProject
Project("{2150E333-8FDC-42A3-9474-1A3956D46DE8}") = "src", "src", "{9760DEB5-BB2E-464A-AFA7-574A36F8C0B6}"
EndProject
Project("{2150E333-8FDC-42A3-9474-1A3956D46DE8}") = "tests", "tests", "{B04CADC1-231D-4449-AB0A-DBB59087CE21}"
EndProject
Project("{FAE04EC0-301F-11D3-BF4B-00C04F79EFBC}") = "Domain", "Domain\Domain.csproj", "{EF1F6FCE-5404-48FB-9C8E-6317FD0233D7}"
EndProject
Project("{FAE04EC0-301F-11D3-BF4B-00C04F79EFBC}") = "Application", "Application\Application.csproj", "{E60BEDCE-207F-45BA-AA1A-800F205C983B}"
EndProject
Project("{FAE04EC0-301F-11D3-BF4B-00C04F79EFBC}") = "Application.UnitTests", "Application.UnitTests\Application.UnitTests.csproj", "{F9C702AE-75E8-4416-B8DB-6450838E6A5D}"
EndProject
Project("{FAE04EC0-301F-11D3-BF4B-00C04F79EFBC}") = "Infrastructure.IntegrationTests", "Infrastructure.IntegrationTests\Infrastructure.IntegrationTests.csproj", "{A7A8A4BE-DBED-42D9-BC9F-06487BCDFD6F}"
EndProject
Project("{FAE04EC0-301F-11D3-BF4B-00C04F79EFBC}") = "Infrastructure.Driver", "Infrastructure.Driver\Infrastructure.Driver.csproj", "{9EACE042-44F2-401E-A26B-4ABDF422AD8B}"
EndProject
Project("{FAE04EC0-301F-11D3-BF4B-00C04F79EFBC}") = "Infrastructure.Driven", "Infrastructure.Driven\Infrastructure.Driven.csproj", "{24871385-45A8-48BB-AE83-F4BC749A5369}"
EndProject
Project("{FAE04EC0-301F-11D3-BF4B-00C04F79EFBC}") = "Web", "Web\Web.csproj", "{EBADF792-0214-4D67-8D95-12AF9F9A22E9}"
EndProject
Global
	GlobalSection(SolutionConfigurationPlatforms) = preSolution
		Debug|Any CPU = Debug|Any CPU
		Release|Any CPU = Release|Any CPU
	EndGlobalSection
	GlobalSection(ProjectConfigurationPlatforms) = postSolution
		{8B548CC1-F52D-45B6-8F05-7528CA7600CB}.Debug|Any CPU.ActiveCfg = Debug|Any CPU
		{8B548CC1-F52D-45B6-8F05-7528CA7600CB}.Debug|Any CPU.Build.0 = Debug|Any CPU
		{8B548CC1-F52D-45B6-8F05-7528CA7600CB}.Release|Any CPU.ActiveCfg = Release|Any CPU
		{8B548CC1-F52D-45B6-8F05-7528CA7600CB}.Release|Any CPU.Build.0 = Release|Any CPU
		{EF1F6FCE-5404-48FB-9C8E-6317FD0233D7}.Debug|Any CPU.ActiveCfg = Debug|Any CPU
		{EF1F6FCE-5404-48FB-9C8E-6317FD0233D7}.Debug|Any CPU.Build.0 = Debug|Any CPU
		{EF1F6FCE-5404-48FB-9C8E-6317FD0233D7}.Release|Any CPU.ActiveCfg = Release|Any CPU
		{EF1F6FCE-5404-48FB-9C8E-6317FD0233D7}.Release|Any CPU.Build.0 = Release|Any CPU
		{E60BEDCE-207F-45BA-AA1A-800F205C983B}.Debug|Any CPU.ActiveCfg = Debug|Any CPU
		{E60BEDCE-207F-45BA-AA1A-800F205C983B}.Debug|Any CPU.Build.0 = Debug|Any CPU
		{E60BEDCE-207F-45BA-AA1A-800F205C983B}.Release|Any CPU.ActiveCfg = Release|Any CPU
		{E60BEDCE-207F-45BA-AA1A-800F205C983B}.Release|Any CPU.Build.0 = Release|Any CPU
		{F9C702AE-75E8-4416-B8DB-6450838E6A5D}.Debug|Any CPU.ActiveCfg = Debug|Any CPU
		{F9C702AE-75E8-4416-B8DB-6450838E6A5D}.Debug|Any CPU.Build.0 = Debug|Any CPU
		{F9C702AE-75E8-4416-B8DB-6450838E6A5D}.Release|Any CPU.ActiveCfg = Release|Any CPU
		{F9C702AE-75E8-4416-B8DB-6450838E6A5D}.Release|Any CPU.Build.0 = Release|Any CPU
		{A7A8A4BE-DBED-42D9-BC9F-06487BCDFD6F}.Debug|Any CPU.ActiveCfg = Debug|Any CPU
		{A7A8A4BE-DBED-42D9-BC9F-06487BCDFD6F}.Debug|Any CPU.Build.0 = Debug|Any CPU
		{A7A8A4BE-DBED-42D9-BC9F-06487BCDFD6F}.Release|Any CPU.ActiveCfg = Release|Any CPU
		{A7A8A4BE-DBED-42D9-BC9F-06487BCDFD6F}.Release|Any CPU.Build.0 = Release|Any CPU
		{9EACE042-44F2-401E-A26B-4ABDF422AD8B}.Debug|Any CPU.ActiveCfg = Debug|Any CPU
		{9EACE042-44F2-401E-A26B-4ABDF422AD8B}.Debug|Any CPU.Build.0 = Debug|Any CPU
		{9EACE042-44F2-401E-A26B-4ABDF422AD8B}.Release|Any CPU.ActiveCfg = Release|Any CPU
		{9EACE042-44F2-401E-A26B-4ABDF422AD8B}.Release|Any CPU.Build.0 = Release|Any CPU
		{24871385-45A8-48BB-AE83-F4BC749A5369}.Debug|Any CPU.ActiveCfg = Debug|Any CPU
		{24871385-45A8-48BB-AE83-F4BC749A5369}.Debug|Any CPU.Build.0 = Debug|Any CPU
		{24871385-45A8-48BB-AE83-F4BC749A5369}.Release|Any CPU.ActiveCfg = Release|Any CPU
		{24871385-45A8-48BB-AE83-F4BC749A5369}.Release|Any CPU.Build.0 = Release|Any CPU
		{EBADF792-0214-4D67-8D95-12AF9F9A22E9}.Debug|Any CPU.ActiveCfg = Debug|Any CPU
		{EBADF792-0214-4D67-8D95-12AF9F9A22E9}.Debug|Any CPU.Build.0 = Debug|Any CPU
		{EBADF792-0214-4D67-8D95-12AF9F9A22E9}.Release|Any CPU.ActiveCfg = Release|Any CPU
		{EBADF792-0214-4D67-8D95-12AF9F9A22E9}.Release|Any CPU.Build.0 = Release|Any CPU
	EndGlobalSection
	GlobalSection(NestedProjects) = preSolution
		{8B548CC1-F52D-45B6-8F05-7528CA7600CB} = {B04CADC1-231D-4449-AB0A-DBB59087CE21}
		{EF1F6FCE-5404-48FB-9C8E-6317FD0233D7} = {9760DEB5-BB2E-464A-AFA7-574A36F8C0B6}
		{E60BEDCE-207F-45BA-AA1A-800F205C983B} = {9760DEB5-BB2E-464A-AFA7-574A36F8C0B6}
		{F9C702AE-75E8-4416-B8DB-6450838E6A5D} = {B04CADC1-231D-4449-AB0A-DBB59087CE21}
		{A7A8A4BE-DBED-42D9-BC9F-06487BCDFD6F} = {B04CADC1-231D-4449-AB0A-DBB59087CE21}
		{9EACE042-44F2-401E-A26B-4ABDF422AD8B} = {9760DEB5-BB2E-464A-AFA7-574A36F8C0B6}
		{24871385-45A8-48BB-AE83-F4BC749A5369} = {9760DEB5-BB2E-464A-AFA7-574A36F8C0B6}
		{EBADF792-0214-4D67-8D95-12AF9F9A22E9} = {9760DEB5-BB2E-464A-AFA7-574A36F8C0B6}
	EndGlobalSection
EndGlobal
